// !$*UTF8*$!
{
	archiveVersion = 1;
	classes = {
	};
	objectVersion = 56;
	objects = {

/* Begin PBXBuildFile section */
		C724C4442BDA7FA600491F8D /* protocols.swift in Sources */ = {isa = PBXBuildFile; fileRef = C724C4432BDA7FA600491F8D /* protocols.swift */; };
		C767FB162BD6989800F8BB6F /* NotesTableViewCell.swift in Sources */ = {isa = PBXBuildFile; fileRef = C767FB142BD6989800F8BB6F /* NotesTableViewCell.swift */; };
		C767FB172BD6989800F8BB6F /* NotesTableViewCell.xib in Resources */ = {isa = PBXBuildFile; fileRef = C767FB152BD6989800F8BB6F /* NotesTableViewCell.xib */; };
		C79C46402BD77428009DB5D0 /* HomeViewModel.swift in Sources */ = {isa = PBXBuildFile; fileRef = C79C463F2BD77428009DB5D0 /* HomeViewModel.swift */; };
		C79C46432BD78956009DB5D0 /* labelsView.swift in Sources */ = {isa = PBXBuildFile; fileRef = C79C46422BD78956009DB5D0 /* labelsView.swift */; };
		C79C46482BD7A0F4009DB5D0 /* labelCollectionViewCell.swift in Sources */ = {isa = PBXBuildFile; fileRef = C79C46462BD7A0F4009DB5D0 /* labelCollectionViewCell.swift */; };
		C79C464B2BD7B908009DB5D0 /* CreateNoteViewController.swift in Sources */ = {isa = PBXBuildFile; fileRef = C79C464A2BD7B908009DB5D0 /* CreateNoteViewController.swift */; };
		C79C464D2BD7C8D8009DB5D0 /* CreateNoteView.swift in Sources */ = {isa = PBXBuildFile; fileRef = C79C464C2BD7C8D8009DB5D0 /* CreateNoteView.swift */; };
		C79C464F2BD7CE96009DB5D0 /* CreateNoteView.xib in Resources */ = {isa = PBXBuildFile; fileRef = C79C464E2BD7CE96009DB5D0 /* CreateNoteView.xib */; };
		C7A943D92BD8C2BA00165E0E /* SearchClientViewController.swift in Sources */ = {isa = PBXBuildFile; fileRef = C7A943D82BD8C2BA00165E0E /* SearchClientViewController.swift */; };
		C7A943DD2BD8DE4E00165E0E /* EditDescriptionView.swift in Sources */ = {isa = PBXBuildFile; fileRef = C7A943DC2BD8DE4E00165E0E /* EditDescriptionView.swift */; };
		C7A943DF2BD8EF5700165E0E /* CreateNoteViewModel.swift in Sources */ = {isa = PBXBuildFile; fileRef = C7A943DE2BD8EF5700165E0E /* CreateNoteViewModel.swift */; };
		C7B791F02BD67E4E0023DC34 /* AppDelegate.swift in Sources */ = {isa = PBXBuildFile; fileRef = C7B791EF2BD67E4E0023DC34 /* AppDelegate.swift */; };
		C7B791F22BD67E4E0023DC34 /* SceneDelegate.swift in Sources */ = {isa = PBXBuildFile; fileRef = C7B791F12BD67E4E0023DC34 /* SceneDelegate.swift */; };
		C7B791F42BD67E4E0023DC34 /* HomeViewController.swift in Sources */ = {isa = PBXBuildFile; fileRef = C7B791F32BD67E4E0023DC34 /* HomeViewController.swift */; };
		C7B791F72BD67E4E0023DC34 /* Main.storyboard in Resources */ = {isa = PBXBuildFile; fileRef = C7B791F52BD67E4E0023DC34 /* Main.storyboard */; };
		C7B791F92BD67E4F0023DC34 /* Assets.xcassets in Resources */ = {isa = PBXBuildFile; fileRef = C7B791F82BD67E4F0023DC34 /* Assets.xcassets */; };
		C7B791FC2BD67E4F0023DC34 /* LaunchScreen.storyboard in Resources */ = {isa = PBXBuildFile; fileRef = C7B791FA2BD67E4F0023DC34 /* LaunchScreen.storyboard */; };
		C7B792072BD67E4F0023DC34 /* meeting_notesTests.swift in Sources */ = {isa = PBXBuildFile; fileRef = C7B792062BD67E4F0023DC34 /* meeting_notesTests.swift */; };
		C7B792112BD67E4F0023DC34 /* meeting_notesUITests.swift in Sources */ = {isa = PBXBuildFile; fileRef = C7B792102BD67E4F0023DC34 /* meeting_notesUITests.swift */; };
		C7B792132BD67E4F0023DC34 /* meeting_notesUITestsLaunchTests.swift in Sources */ = {isa = PBXBuildFile; fileRef = C7B792122BD67E4F0023DC34 /* meeting_notesUITestsLaunchTests.swift */; };
		C7B792282BD686BC0023DC34 /* Lato-LightItalic.ttf in Resources */ = {isa = PBXBuildFile; fileRef = C7B7921F2BD686BC0023DC34 /* Lato-LightItalic.ttf */; };
		C7B792292BD686BC0023DC34 /* Lato-Regular.ttf in Resources */ = {isa = PBXBuildFile; fileRef = C7B792202BD686BC0023DC34 /* Lato-Regular.ttf */; };
		C7B7922A2BD686BC0023DC34 /* Lato-BoldItalic.ttf in Resources */ = {isa = PBXBuildFile; fileRef = C7B792212BD686BC0023DC34 /* Lato-BoldItalic.ttf */; };
		C7B7922B2BD686BC0023DC34 /* Lato-Italic.ttf in Resources */ = {isa = PBXBuildFile; fileRef = C7B792222BD686BC0023DC34 /* Lato-Italic.ttf */; };
		C7B7922C2BD686BC0023DC34 /* Lato-BlackItalic.ttf in Resources */ = {isa = PBXBuildFile; fileRef = C7B792232BD686BC0023DC34 /* Lato-BlackItalic.ttf */; };
		C7B7922D2BD686BC0023DC34 /* Lato-Thin.ttf in Resources */ = {isa = PBXBuildFile; fileRef = C7B792242BD686BC0023DC34 /* Lato-Thin.ttf */; };
		C7B7922E2BD686BC0023DC34 /* Lato-ThinItalic.ttf in Resources */ = {isa = PBXBuildFile; fileRef = C7B792252BD686BC0023DC34 /* Lato-ThinItalic.ttf */; };
		C7B7922F2BD686BC0023DC34 /* Lato-Bold.ttf in Resources */ = {isa = PBXBuildFile; fileRef = C7B792262BD686BC0023DC34 /* Lato-Bold.ttf */; };
		C7B792302BD686BC0023DC34 /* Lato-Black.ttf in Resources */ = {isa = PBXBuildFile; fileRef = C7B792272BD686BC0023DC34 /* Lato-Black.ttf */; };
		C7C4A9A52BDA301D0077438A /* SearchClientViewModel.swift in Sources */ = {isa = PBXBuildFile; fileRef = C7C4A9A42BDA301D0077438A /* SearchClientViewModel.swift */; };
		C7C4A9A72BDA38F00077438A /* SearchClientTableViewCell.swift in Sources */ = {isa = PBXBuildFile; fileRef = C7C4A9A62BDA38F00077438A /* SearchClientTableViewCell.swift */; };
		C7C4A9AA2BDA62960077438A /* NoteModel.swift in Sources */ = {isa = PBXBuildFile; fileRef = C7C4A9A92BDA62960077438A /* NoteModel.swift */; };
/* End PBXBuildFile section */

/* Begin PBXContainerItemProxy section */
		C7B792032BD67E4F0023DC34 /* PBXContainerItemProxy */ = {
			isa = PBXContainerItemProxy;
			containerPortal = C7B791E42BD67E4E0023DC34 /* Project object */;
			proxyType = 1;
			remoteGlobalIDString = C7B791EB2BD67E4E0023DC34;
			remoteInfo = meeting_notes;
		};
		C7B7920D2BD67E4F0023DC34 /* PBXContainerItemProxy */ = {
			isa = PBXContainerItemProxy;
			containerPortal = C7B791E42BD67E4E0023DC34 /* Project object */;
			proxyType = 1;
			remoteGlobalIDString = C7B791EB2BD67E4E0023DC34;
			remoteInfo = meeting_notes;
		};
/* End PBXContainerItemProxy section */

/* Begin PBXFileReference section */
		C724C4432BDA7FA600491F8D /* protocols.swift */ = {isa = PBXFileReference; lastKnownFileType = sourcecode.swift; path = protocols.swift; sourceTree = "<group>"; };
		C767FB142BD6989800F8BB6F /* NotesTableViewCell.swift */ = {isa = PBXFileReference; lastKnownFileType = sourcecode.swift; path = NotesTableViewCell.swift; sourceTree = "<group>"; };
		C767FB152BD6989800F8BB6F /* NotesTableViewCell.xib */ = {isa = PBXFileReference; lastKnownFileType = file.xib; path = NotesTableViewCell.xib; sourceTree = "<group>"; };
		C79C463F2BD77428009DB5D0 /* HomeViewModel.swift */ = {isa = PBXFileReference; lastKnownFileType = sourcecode.swift; path = HomeViewModel.swift; sourceTree = "<group>"; };
		C79C46422BD78956009DB5D0 /* labelsView.swift */ = {isa = PBXFileReference; lastKnownFileType = sourcecode.swift; path = labelsView.swift; sourceTree = "<group>"; };
		C79C46462BD7A0F4009DB5D0 /* labelCollectionViewCell.swift */ = {isa = PBXFileReference; lastKnownFileType = sourcecode.swift; path = labelCollectionViewCell.swift; sourceTree = "<group>"; };
		C79C464A2BD7B908009DB5D0 /* CreateNoteViewController.swift */ = {isa = PBXFileReference; lastKnownFileType = sourcecode.swift; path = CreateNoteViewController.swift; sourceTree = "<group>"; };
		C79C464C2BD7C8D8009DB5D0 /* CreateNoteView.swift */ = {isa = PBXFileReference; lastKnownFileType = sourcecode.swift; path = CreateNoteView.swift; sourceTree = "<group>"; };
		C79C464E2BD7CE96009DB5D0 /* CreateNoteView.xib */ = {isa = PBXFileReference; lastKnownFileType = file.xib; path = CreateNoteView.xib; sourceTree = "<group>"; };
		C7A943D82BD8C2BA00165E0E /* SearchClientViewController.swift */ = {isa = PBXFileReference; lastKnownFileType = sourcecode.swift; path = SearchClientViewController.swift; sourceTree = "<group>"; };
		C7A943DC2BD8DE4E00165E0E /* EditDescriptionView.swift */ = {isa = PBXFileReference; lastKnownFileType = sourcecode.swift; path = EditDescriptionView.swift; sourceTree = "<group>"; };
		C7A943DE2BD8EF5700165E0E /* CreateNoteViewModel.swift */ = {isa = PBXFileReference; lastKnownFileType = sourcecode.swift; path = CreateNoteViewModel.swift; sourceTree = "<group>"; };
		C7B791EC2BD67E4E0023DC34 /* meeting_notes.app */ = {isa = PBXFileReference; explicitFileType = wrapper.application; includeInIndex = 0; path = meeting_notes.app; sourceTree = BUILT_PRODUCTS_DIR; };
		C7B791EF2BD67E4E0023DC34 /* AppDelegate.swift */ = {isa = PBXFileReference; lastKnownFileType = sourcecode.swift; path = AppDelegate.swift; sourceTree = "<group>"; };
		C7B791F12BD67E4E0023DC34 /* SceneDelegate.swift */ = {isa = PBXFileReference; lastKnownFileType = sourcecode.swift; path = SceneDelegate.swift; sourceTree = "<group>"; };
		C7B791F32BD67E4E0023DC34 /* HomeViewController.swift */ = {isa = PBXFileReference; lastKnownFileType = sourcecode.swift; path = HomeViewController.swift; sourceTree = "<group>"; };
		C7B791F62BD67E4E0023DC34 /* Base */ = {isa = PBXFileReference; lastKnownFileType = file.storyboard; name = Base; path = Base.lproj/Main.storyboard; sourceTree = "<group>"; };
		C7B791F82BD67E4F0023DC34 /* Assets.xcassets */ = {isa = PBXFileReference; lastKnownFileType = folder.assetcatalog; path = Assets.xcassets; sourceTree = "<group>"; };
		C7B791FB2BD67E4F0023DC34 /* Base */ = {isa = PBXFileReference; lastKnownFileType = file.storyboard; name = Base; path = Base.lproj/LaunchScreen.storyboard; sourceTree = "<group>"; };
		C7B791FD2BD67E4F0023DC34 /* Info.plist */ = {isa = PBXFileReference; lastKnownFileType = text.plist.xml; path = Info.plist; sourceTree = "<group>"; };
		C7B792022BD67E4F0023DC34 /* meeting_notesTests.xctest */ = {isa = PBXFileReference; explicitFileType = wrapper.cfbundle; includeInIndex = 0; path = meeting_notesTests.xctest; sourceTree = BUILT_PRODUCTS_DIR; };
		C7B792062BD67E4F0023DC34 /* meeting_notesTests.swift */ = {isa = PBXFileReference; lastKnownFileType = sourcecode.swift; path = meeting_notesTests.swift; sourceTree = "<group>"; };
		C7B7920C2BD67E4F0023DC34 /* meeting_notesUITests.xctest */ = {isa = PBXFileReference; explicitFileType = wrapper.cfbundle; includeInIndex = 0; path = meeting_notesUITests.xctest; sourceTree = BUILT_PRODUCTS_DIR; };
		C7B792102BD67E4F0023DC34 /* meeting_notesUITests.swift */ = {isa = PBXFileReference; lastKnownFileType = sourcecode.swift; path = meeting_notesUITests.swift; sourceTree = "<group>"; };
		C7B792122BD67E4F0023DC34 /* meeting_notesUITestsLaunchTests.swift */ = {isa = PBXFileReference; lastKnownFileType = sourcecode.swift; path = meeting_notesUITestsLaunchTests.swift; sourceTree = "<group>"; };
		C7B7921F2BD686BC0023DC34 /* Lato-LightItalic.ttf */ = {isa = PBXFileReference; lastKnownFileType = file; path = "Lato-LightItalic.ttf"; sourceTree = "<group>"; };
		C7B792202BD686BC0023DC34 /* Lato-Regular.ttf */ = {isa = PBXFileReference; lastKnownFileType = file; path = "Lato-Regular.ttf"; sourceTree = "<group>"; };
		C7B792212BD686BC0023DC34 /* Lato-BoldItalic.ttf */ = {isa = PBXFileReference; lastKnownFileType = file; path = "Lato-BoldItalic.ttf"; sourceTree = "<group>"; };
		C7B792222BD686BC0023DC34 /* Lato-Italic.ttf */ = {isa = PBXFileReference; lastKnownFileType = file; path = "Lato-Italic.ttf"; sourceTree = "<group>"; };
		C7B792232BD686BC0023DC34 /* Lato-BlackItalic.ttf */ = {isa = PBXFileReference; lastKnownFileType = file; path = "Lato-BlackItalic.ttf"; sourceTree = "<group>"; };
		C7B792242BD686BC0023DC34 /* Lato-Thin.ttf */ = {isa = PBXFileReference; lastKnownFileType = file; path = "Lato-Thin.ttf"; sourceTree = "<group>"; };
		C7B792252BD686BC0023DC34 /* Lato-ThinItalic.ttf */ = {isa = PBXFileReference; lastKnownFileType = file; path = "Lato-ThinItalic.ttf"; sourceTree = "<group>"; };
		C7B792262BD686BC0023DC34 /* Lato-Bold.ttf */ = {isa = PBXFileReference; lastKnownFileType = file; path = "Lato-Bold.ttf"; sourceTree = "<group>"; };
		C7B792272BD686BC0023DC34 /* Lato-Black.ttf */ = {isa = PBXFileReference; lastKnownFileType = file; path = "Lato-Black.ttf"; sourceTree = "<group>"; };
		C7C4A9A42BDA301D0077438A /* SearchClientViewModel.swift */ = {isa = PBXFileReference; lastKnownFileType = sourcecode.swift; path = SearchClientViewModel.swift; sourceTree = "<group>"; };
		C7C4A9A62BDA38F00077438A /* SearchClientTableViewCell.swift */ = {isa = PBXFileReference; lastKnownFileType = sourcecode.swift; path = SearchClientTableViewCell.swift; sourceTree = "<group>"; };
		C7C4A9A92BDA62960077438A /* NoteModel.swift */ = {isa = PBXFileReference; lastKnownFileType = sourcecode.swift; path = NoteModel.swift; sourceTree = "<group>"; };
/* End PBXFileReference section */

/* Begin PBXFrameworksBuildPhase section */
		C7B791E92BD67E4E0023DC34 /* Frameworks */ = {
			isa = PBXFrameworksBuildPhase;
			buildActionMask = 2147483647;
			files = (
			);
			runOnlyForDeploymentPostprocessing = 0;
		};
		C7B791FF2BD67E4F0023DC34 /* Frameworks */ = {
			isa = PBXFrameworksBuildPhase;
			buildActionMask = 2147483647;
			files = (
			);
			runOnlyForDeploymentPostprocessing = 0;
		};
		C7B792092BD67E4F0023DC34 /* Frameworks */ = {
			isa = PBXFrameworksBuildPhase;
			buildActionMask = 2147483647;
			files = (
			);
			runOnlyForDeploymentPostprocessing = 0;
		};
/* End PBXFrameworksBuildPhase section */

/* Begin PBXGroup section */
		C724C4422BDA7F8B00491F8D /* Protocols */ = {
			isa = PBXGroup;
			children = (
				C724C4432BDA7FA600491F8D /* protocols.swift */,
			);
			path = Protocols;
			sourceTree = "<group>";
		};
		C79C463D2BD77401009DB5D0 /* View */ = {
			isa = PBXGroup;
			children = (
				C7B791F32BD67E4E0023DC34 /* HomeViewController.swift */,
				C79C464A2BD7B908009DB5D0 /* CreateNoteViewController.swift */,
				C7A943D82BD8C2BA00165E0E /* SearchClientViewController.swift */,
			);
			path = View;
			sourceTree = "<group>";
		};
		C79C463E2BD77414009DB5D0 /* ViewModel */ = {
			isa = PBXGroup;
			children = (
				C79C463F2BD77428009DB5D0 /* HomeViewModel.swift */,
				C7A943DE2BD8EF5700165E0E /* CreateNoteViewModel.swift */,
				C7C4A9A42BDA301D0077438A /* SearchClientViewModel.swift */,
			);
			path = ViewModel;
			sourceTree = "<group>";
		};
		C79C46412BD78915009DB5D0 /* CustomClasses */ = {
			isa = PBXGroup;
			children = (
				C79C464C2BD7C8D8009DB5D0 /* CreateNoteView.swift */,
				C79C464E2BD7CE96009DB5D0 /* CreateNoteView.xib */,
				C79C46462BD7A0F4009DB5D0 /* labelCollectionViewCell.swift */,
				C79C46422BD78956009DB5D0 /* labelsView.swift */,
				C7C4A9A62BDA38F00077438A /* SearchClientTableViewCell.swift */,
			);
			name = CustomClasses;
			sourceTree = "<group>";
		};
		C7B791E32BD67E4E0023DC34 = {
			isa = PBXGroup;
			children = (
				C7B791EE2BD67E4E0023DC34 /* meeting_notes */,
				C7B792052BD67E4F0023DC34 /* meeting_notesTests */,
				C7B7920F2BD67E4F0023DC34 /* meeting_notesUITests */,
				C7B791ED2BD67E4E0023DC34 /* Products */,
			);
			sourceTree = "<group>";
		};
		C7B791ED2BD67E4E0023DC34 /* Products */ = {
			isa = PBXGroup;
			children = (
				C7B791EC2BD67E4E0023DC34 /* meeting_notes.app */,
				C7B792022BD67E4F0023DC34 /* meeting_notesTests.xctest */,
				C7B7920C2BD67E4F0023DC34 /* meeting_notesUITests.xctest */,
			);
			name = Products;
			sourceTree = "<group>";
		};
		C7B791EE2BD67E4E0023DC34 /* meeting_notes */ = {
			isa = PBXGroup;
			children = (
				C7B791EF2BD67E4E0023DC34 /* AppDelegate.swift */,
				C7B791F12BD67E4E0023DC34 /* SceneDelegate.swift */,
				C724C4422BDA7F8B00491F8D /* Protocols */,
				C7C4A9A82BDA62800077438A /* Model */,
				C79C463D2BD77401009DB5D0 /* View */,
				C79C463E2BD77414009DB5D0 /* ViewModel */,
				C7B791F52BD67E4E0023DC34 /* Main.storyboard */,
				C767FB142BD6989800F8BB6F /* NotesTableViewCell.swift */,
				C767FB152BD6989800F8BB6F /* NotesTableViewCell.xib */,
				C7A943DC2BD8DE4E00165E0E /* EditDescriptionView.swift */,
				C79C46412BD78915009DB5D0 /* CustomClasses */,
				C7B791F82BD67E4F0023DC34 /* Assets.xcassets */,
				C7B791FA2BD67E4F0023DC34 /* LaunchScreen.storyboard */,
				C7B792272BD686BC0023DC34 /* Lato-Black.ttf */,
				C7B792232BD686BC0023DC34 /* Lato-BlackItalic.ttf */,
				C7B792262BD686BC0023DC34 /* Lato-Bold.ttf */,
				C7B792212BD686BC0023DC34 /* Lato-BoldItalic.ttf */,
				C7B792222BD686BC0023DC34 /* Lato-Italic.ttf */,
				C7B7921F2BD686BC0023DC34 /* Lato-LightItalic.ttf */,
				C7B792202BD686BC0023DC34 /* Lato-Regular.ttf */,
				C7B792242BD686BC0023DC34 /* Lato-Thin.ttf */,
				C7B792252BD686BC0023DC34 /* Lato-ThinItalic.ttf */,
				C7B791FD2BD67E4F0023DC34 /* Info.plist */,
			);
			path = meeting_notes;
			sourceTree = "<group>";
		};
		C7B792052BD67E4F0023DC34 /* meeting_notesTests */ = {
			isa = PBXGroup;
			children = (
				C7B792062BD67E4F0023DC34 /* meeting_notesTests.swift */,
			);
			path = meeting_notesTests;
			sourceTree = "<group>";
		};
		C7B7920F2BD67E4F0023DC34 /* meeting_notesUITests */ = {
			isa = PBXGroup;
			children = (
				C7B792102BD67E4F0023DC34 /* meeting_notesUITests.swift */,
				C7B792122BD67E4F0023DC34 /* meeting_notesUITestsLaunchTests.swift */,
			);
			path = meeting_notesUITests;
			sourceTree = "<group>";
		};
		C7C4A9A82BDA62800077438A /* Model */ = {
			isa = PBXGroup;
			children = (
				C7C4A9A92BDA62960077438A /* NoteModel.swift */,
			);
			path = Model;
			sourceTree = "<group>";
		};
/* End PBXGroup section */

/* Begin PBXNativeTarget section */
		C7B791EB2BD67E4E0023DC34 /* meeting_notes */ = {
			isa = PBXNativeTarget;
			buildConfigurationList = C7B792162BD67E4F0023DC34 /* Build configuration list for PBXNativeTarget "meeting_notes" */;
			buildPhases = (
				C7B791E82BD67E4E0023DC34 /* Sources */,
				C7B791E92BD67E4E0023DC34 /* Frameworks */,
				C7B791EA2BD67E4E0023DC34 /* Resources */,
			);
			buildRules = (
			);
			dependencies = (
			);
			name = meeting_notes;
			productName = meeting_notes;
			productReference = C7B791EC2BD67E4E0023DC34 /* meeting_notes.app */;
			productType = "com.apple.product-type.application";
		};
		C7B792012BD67E4F0023DC34 /* meeting_notesTests */ = {
			isa = PBXNativeTarget;
			buildConfigurationList = C7B792192BD67E4F0023DC34 /* Build configuration list for PBXNativeTarget "meeting_notesTests" */;
			buildPhases = (
				C7B791FE2BD67E4F0023DC34 /* Sources */,
				C7B791FF2BD67E4F0023DC34 /* Frameworks */,
				C7B792002BD67E4F0023DC34 /* Resources */,
			);
			buildRules = (
			);
			dependencies = (
				C7B792042BD67E4F0023DC34 /* PBXTargetDependency */,
			);
			name = meeting_notesTests;
			productName = meeting_notesTests;
			productReference = C7B792022BD67E4F0023DC34 /* meeting_notesTests.xctest */;
			productType = "com.apple.product-type.bundle.unit-test";
		};
		C7B7920B2BD67E4F0023DC34 /* meeting_notesUITests */ = {
			isa = PBXNativeTarget;
			buildConfigurationList = C7B7921C2BD67E4F0023DC34 /* Build configuration list for PBXNativeTarget "meeting_notesUITests" */;
			buildPhases = (
				C7B792082BD67E4F0023DC34 /* Sources */,
				C7B792092BD67E4F0023DC34 /* Frameworks */,
				C7B7920A2BD67E4F0023DC34 /* Resources */,
			);
			buildRules = (
			);
			dependencies = (
				C7B7920E2BD67E4F0023DC34 /* PBXTargetDependency */,
			);
			name = meeting_notesUITests;
			productName = meeting_notesUITests;
			productReference = C7B7920C2BD67E4F0023DC34 /* meeting_notesUITests.xctest */;
			productType = "com.apple.product-type.bundle.ui-testing";
		};
/* End PBXNativeTarget section */

/* Begin PBXProject section */
		C7B791E42BD67E4E0023DC34 /* Project object */ = {
			isa = PBXProject;
			attributes = {
				BuildIndependentTargetsInParallel = 1;
				LastSwiftUpdateCheck = 1520;
				LastUpgradeCheck = 1520;
				TargetAttributes = {
					C7B791EB2BD67E4E0023DC34 = {
						CreatedOnToolsVersion = 15.2;
					};
					C7B792012BD67E4F0023DC34 = {
						CreatedOnToolsVersion = 15.2;
						TestTargetID = C7B791EB2BD67E4E0023DC34;
					};
					C7B7920B2BD67E4F0023DC34 = {
						CreatedOnToolsVersion = 15.2;
						TestTargetID = C7B791EB2BD67E4E0023DC34;
					};
				};
			};
			buildConfigurationList = C7B791E72BD67E4E0023DC34 /* Build configuration list for PBXProject "meeting_notes" */;
			compatibilityVersion = "Xcode 14.0";
			developmentRegion = en;
			hasScannedForEncodings = 0;
			knownRegions = (
				en,
				Base,
			);
			mainGroup = C7B791E32BD67E4E0023DC34;
			productRefGroup = C7B791ED2BD67E4E0023DC34 /* Products */;
			projectDirPath = "";
			projectRoot = "";
			targets = (
				C7B791EB2BD67E4E0023DC34 /* meeting_notes */,
				C7B792012BD67E4F0023DC34 /* meeting_notesTests */,
				C7B7920B2BD67E4F0023DC34 /* meeting_notesUITests */,
			);
		};
/* End PBXProject section */

/* Begin PBXResourcesBuildPhase section */
		C7B791EA2BD67E4E0023DC34 /* Resources */ = {
			isa = PBXResourcesBuildPhase;
			buildActionMask = 2147483647;
			files = (
				C7B7922F2BD686BC0023DC34 /* Lato-Bold.ttf in Resources */,
				C7B7922C2BD686BC0023DC34 /* Lato-BlackItalic.ttf in Resources */,
				C7B7922D2BD686BC0023DC34 /* Lato-Thin.ttf in Resources */,
				C767FB172BD6989800F8BB6F /* NotesTableViewCell.xib in Resources */,
				C7B791FC2BD67E4F0023DC34 /* LaunchScreen.storyboard in Resources */,
				C7B792302BD686BC0023DC34 /* Lato-Black.ttf in Resources */,
				C79C464F2BD7CE96009DB5D0 /* CreateNoteView.xib in Resources */,
				C7B7922B2BD686BC0023DC34 /* Lato-Italic.ttf in Resources */,
				C7B791F92BD67E4F0023DC34 /* Assets.xcassets in Resources */,
				C7B792292BD686BC0023DC34 /* Lato-Regular.ttf in Resources */,
				C7B7922A2BD686BC0023DC34 /* Lato-BoldItalic.ttf in Resources */,
				C7B7922E2BD686BC0023DC34 /* Lato-ThinItalic.ttf in Resources */,
				C7B791F72BD67E4E0023DC34 /* Main.storyboard in Resources */,
				C7B792282BD686BC0023DC34 /* Lato-LightItalic.ttf in Resources */,
			);
			runOnlyForDeploymentPostprocessing = 0;
		};
		C7B792002BD67E4F0023DC34 /* Resources */ = {
			isa = PBXResourcesBuildPhase;
			buildActionMask = 2147483647;
			files = (
			);
			runOnlyForDeploymentPostprocessing = 0;
		};
		C7B7920A2BD67E4F0023DC34 /* Resources */ = {
			isa = PBXResourcesBuildPhase;
			buildActionMask = 2147483647;
			files = (
			);
			runOnlyForDeploymentPostprocessing = 0;
		};
/* End PBXResourcesBuildPhase section */

/* Begin PBXSourcesBuildPhase section */
		C7B791E82BD67E4E0023DC34 /* Sources */ = {
			isa = PBXSourcesBuildPhase;
			buildActionMask = 2147483647;
			files = (
				C7B791F42BD67E4E0023DC34 /* HomeViewController.swift in Sources */,
				C7B791F02BD67E4E0023DC34 /* AppDelegate.swift in Sources */,
				C79C464D2BD7C8D8009DB5D0 /* CreateNoteView.swift in Sources */,
				C7C4A9A52BDA301D0077438A /* SearchClientViewModel.swift in Sources */,
				C7C4A9A72BDA38F00077438A /* SearchClientTableViewCell.swift in Sources */,
				C79C464B2BD7B908009DB5D0 /* CreateNoteViewController.swift in Sources */,
				C7B791F22BD67E4E0023DC34 /* SceneDelegate.swift in Sources */,
				C79C46402BD77428009DB5D0 /* HomeViewModel.swift in Sources */,
				C7A943DF2BD8EF5700165E0E /* CreateNoteViewModel.swift in Sources */,
				C7A943D92BD8C2BA00165E0E /* SearchClientViewController.swift in Sources */,
				C7C4A9AA2BDA62960077438A /* NoteModel.swift in Sources */,
				C767FB162BD6989800F8BB6F /* NotesTableViewCell.swift in Sources */,
				C79C46482BD7A0F4009DB5D0 /* labelCollectionViewCell.swift in Sources */,
				C7A943DD2BD8DE4E00165E0E /* EditDescriptionView.swift in Sources */,
				C79C46432BD78956009DB5D0 /* labelsView.swift in Sources */,
				C724C4442BDA7FA600491F8D /* protocols.swift in Sources */,
			);
			runOnlyForDeploymentPostprocessing = 0;
		};
		C7B791FE2BD67E4F0023DC34 /* Sources */ = {
			isa = PBXSourcesBuildPhase;
			buildActionMask = 2147483647;
			files = (
				C7B792072BD67E4F0023DC34 /* meeting_notesTests.swift in Sources */,
			);
			runOnlyForDeploymentPostprocessing = 0;
		};
		C7B792082BD67E4F0023DC34 /* Sources */ = {
			isa = PBXSourcesBuildPhase;
			buildActionMask = 2147483647;
			files = (
				C7B792132BD67E4F0023DC34 /* meeting_notesUITestsLaunchTests.swift in Sources */,
				C7B792112BD67E4F0023DC34 /* meeting_notesUITests.swift in Sources */,
			);
			runOnlyForDeploymentPostprocessing = 0;
		};
/* End PBXSourcesBuildPhase section */

/* Begin PBXTargetDependency section */
		C7B792042BD67E4F0023DC34 /* PBXTargetDependency */ = {
			isa = PBXTargetDependency;
			target = C7B791EB2BD67E4E0023DC34 /* meeting_notes */;
			targetProxy = C7B792032BD67E4F0023DC34 /* PBXContainerItemProxy */;
		};
		C7B7920E2BD67E4F0023DC34 /* PBXTargetDependency */ = {
			isa = PBXTargetDependency;
			target = C7B791EB2BD67E4E0023DC34 /* meeting_notes */;
			targetProxy = C7B7920D2BD67E4F0023DC34 /* PBXContainerItemProxy */;
		};
/* End PBXTargetDependency section */

/* Begin PBXVariantGroup section */
		C7B791F52BD67E4E0023DC34 /* Main.storyboard */ = {
			isa = PBXVariantGroup;
			children = (
				C7B791F62BD67E4E0023DC34 /* Base */,
			);
			name = Main.storyboard;
			sourceTree = "<group>";
		};
		C7B791FA2BD67E4F0023DC34 /* LaunchScreen.storyboard */ = {
			isa = PBXVariantGroup;
			children = (
				C7B791FB2BD67E4F0023DC34 /* Base */,
			);
			name = LaunchScreen.storyboard;
			sourceTree = "<group>";
		};
/* End PBXVariantGroup section */

/* Begin XCBuildConfiguration section */
		C7B792142BD67E4F0023DC34 /* Debug */ = {
			isa = XCBuildConfiguration;
			buildSettings = {
				ALWAYS_SEARCH_USER_PATHS = NO;
				ASSETCATALOG_COMPILER_GENERATE_SWIFT_ASSET_SYMBOL_EXTENSIONS = YES;
				CLANG_ANALYZER_NONNULL = YES;
				CLANG_ANALYZER_NUMBER_OBJECT_CONVERSION = YES_AGGRESSIVE;
				CLANG_CXX_LANGUAGE_STANDARD = "gnu++20";
				CLANG_ENABLE_MODULES = YES;
				CLANG_ENABLE_OBJC_ARC = YES;
				CLANG_ENABLE_OBJC_WEAK = YES;
				CLANG_WARN_BLOCK_CAPTURE_AUTORELEASING = YES;
				CLANG_WARN_BOOL_CONVERSION = YES;
				CLANG_WARN_COMMA = YES;
				CLANG_WARN_CONSTANT_CONVERSION = YES;
				CLANG_WARN_DEPRECATED_OBJC_IMPLEMENTATIONS = YES;
				CLANG_WARN_DIRECT_OBJC_ISA_USAGE = YES_ERROR;
				CLANG_WARN_DOCUMENTATION_COMMENTS = YES;
				CLANG_WARN_EMPTY_BODY = YES;
				CLANG_WARN_ENUM_CONVERSION = YES;
				CLANG_WARN_INFINITE_RECURSION = YES;
				CLANG_WARN_INT_CONVERSION = YES;
				CLANG_WARN_NON_LITERAL_NULL_CONVERSION = YES;
				CLANG_WARN_OBJC_IMPLICIT_RETAIN_SELF = YES;
				CLANG_WARN_OBJC_LITERAL_CONVERSION = YES;
				CLANG_WARN_OBJC_ROOT_CLASS = YES_ERROR;
				CLANG_WARN_QUOTED_INCLUDE_IN_FRAMEWORK_HEADER = YES;
				CLANG_WARN_RANGE_LOOP_ANALYSIS = YES;
				CLANG_WARN_STRICT_PROTOTYPES = YES;
				CLANG_WARN_SUSPICIOUS_MOVE = YES;
				CLANG_WARN_UNGUARDED_AVAILABILITY = YES_AGGRESSIVE;
				CLANG_WARN_UNREACHABLE_CODE = YES;
				CLANG_WARN__DUPLICATE_METHOD_MATCH = YES;
				COPY_PHASE_STRIP = NO;
				DEBUG_INFORMATION_FORMAT = dwarf;
				ENABLE_STRICT_OBJC_MSGSEND = YES;
				ENABLE_TESTABILITY = YES;
				ENABLE_USER_SCRIPT_SANDBOXING = YES;
				GCC_C_LANGUAGE_STANDARD = gnu17;
				GCC_DYNAMIC_NO_PIC = NO;
				GCC_NO_COMMON_BLOCKS = YES;
				GCC_OPTIMIZATION_LEVEL = 0;
				GCC_PREPROCESSOR_DEFINITIONS = (
					"DEBUG=1",
					"$(inherited)",
				);
				GCC_WARN_64_TO_32_BIT_CONVERSION = YES;
				GCC_WARN_ABOUT_RETURN_TYPE = YES_ERROR;
				GCC_WARN_UNDECLARED_SELECTOR = YES;
				GCC_WARN_UNINITIALIZED_AUTOS = YES_AGGRESSIVE;
				GCC_WARN_UNUSED_FUNCTION = YES;
				GCC_WARN_UNUSED_VARIABLE = YES;
				IPHONEOS_DEPLOYMENT_TARGET = 17.2;
				LOCALIZATION_PREFERS_STRING_CATALOGS = YES;
				MTL_ENABLE_DEBUG_INFO = INCLUDE_SOURCE;
				MTL_FAST_MATH = YES;
				ONLY_ACTIVE_ARCH = YES;
				SDKROOT = iphoneos;
				SWIFT_ACTIVE_COMPILATION_CONDITIONS = "DEBUG $(inherited)";
				SWIFT_OPTIMIZATION_LEVEL = "-Onone";
			};
			name = Debug;
		};
		C7B792152BD67E4F0023DC34 /* Release */ = {
			isa = XCBuildConfiguration;
			buildSettings = {
				ALWAYS_SEARCH_USER_PATHS = NO;
				ASSETCATALOG_COMPILER_GENERATE_SWIFT_ASSET_SYMBOL_EXTENSIONS = YES;
				CLANG_ANALYZER_NONNULL = YES;
				CLANG_ANALYZER_NUMBER_OBJECT_CONVERSION = YES_AGGRESSIVE;
				CLANG_CXX_LANGUAGE_STANDARD = "gnu++20";
				CLANG_ENABLE_MODULES = YES;
				CLANG_ENABLE_OBJC_ARC = YES;
				CLANG_ENABLE_OBJC_WEAK = YES;
				CLANG_WARN_BLOCK_CAPTURE_AUTORELEASING = YES;
				CLANG_WARN_BOOL_CONVERSION = YES;
				CLANG_WARN_COMMA = YES;
				CLANG_WARN_CONSTANT_CONVERSION = YES;
				CLANG_WARN_DEPRECATED_OBJC_IMPLEMENTATIONS = YES;
				CLANG_WARN_DIRECT_OBJC_ISA_USAGE = YES_ERROR;
				CLANG_WARN_DOCUMENTATION_COMMENTS = YES;
				CLANG_WARN_EMPTY_BODY = YES;
				CLANG_WARN_ENUM_CONVERSION = YES;
				CLANG_WARN_INFINITE_RECURSION = YES;
				CLANG_WARN_INT_CONVERSION = YES;
				CLANG_WARN_NON_LITERAL_NULL_CONVERSION = YES;
				CLANG_WARN_OBJC_IMPLICIT_RETAIN_SELF = YES;
				CLANG_WARN_OBJC_LITERAL_CONVERSION = YES;
				CLANG_WARN_OBJC_ROOT_CLASS = YES_ERROR;
				CLANG_WARN_QUOTED_INCLUDE_IN_FRAMEWORK_HEADER = YES;
				CLANG_WARN_RANGE_LOOP_ANALYSIS = YES;
				CLANG_WARN_STRICT_PROTOTYPES = YES;
				CLANG_WARN_SUSPICIOUS_MOVE = YES;
				CLANG_WARN_UNGUARDED_AVAILABILITY = YES_AGGRESSIVE;
				CLANG_WARN_UNREACHABLE_CODE = YES;
				CLANG_WARN__DUPLICATE_METHOD_MATCH = YES;
				COPY_PHASE_STRIP = NO;
				DEBUG_INFORMATION_FORMAT = "dwarf-with-dsym";
				ENABLE_NS_ASSERTIONS = NO;
				ENABLE_STRICT_OBJC_MSGSEND = YES;
				ENABLE_USER_SCRIPT_SANDBOXING = YES;
				GCC_C_LANGUAGE_STANDARD = gnu17;
				GCC_NO_COMMON_BLOCKS = YES;
				GCC_WARN_64_TO_32_BIT_CONVERSION = YES;
				GCC_WARN_ABOUT_RETURN_TYPE = YES_ERROR;
				GCC_WARN_UNDECLARED_SELECTOR = YES;
				GCC_WARN_UNINITIALIZED_AUTOS = YES_AGGRESSIVE;
				GCC_WARN_UNUSED_FUNCTION = YES;
				GCC_WARN_UNUSED_VARIABLE = YES;
				IPHONEOS_DEPLOYMENT_TARGET = 17.2;
				LOCALIZATION_PREFERS_STRING_CATALOGS = YES;
				MTL_ENABLE_DEBUG_INFO = NO;
				MTL_FAST_MATH = YES;
				SDKROOT = iphoneos;
				SWIFT_COMPILATION_MODE = wholemodule;
				VALIDATE_PRODUCT = YES;
			};
			name = Release;
		};
		C7B792172BD67E4F0023DC34 /* Debug */ = {
			isa = XCBuildConfiguration;
			buildSettings = {
				ASSETCATALOG_COMPILER_APPICON_NAME = AppIcon;
				ASSETCATALOG_COMPILER_GLOBAL_ACCENT_COLOR_NAME = AccentColor;
				CODE_SIGN_STYLE = Automatic;
				CURRENT_PROJECT_VERSION = 1;
				GENERATE_INFOPLIST_FILE = YES;
				INFOPLIST_FILE = meeting_notes/Info.plist;
				INFOPLIST_KEY_UIApplicationSupportsIndirectInputEvents = YES;
				INFOPLIST_KEY_UILaunchStoryboardName = LaunchScreen;
				INFOPLIST_KEY_UIMainStoryboardFile = Main;
				INFOPLIST_KEY_UISupportedInterfaceOrientations_iPad = "UIInterfaceOrientationPortrait UIInterfaceOrientationPortraitUpsideDown UIInterfaceOrientationLandscapeLeft UIInterfaceOrientationLandscapeRight";
				INFOPLIST_KEY_UISupportedInterfaceOrientations_iPhone = "UIInterfaceOrientationPortrait UIInterfaceOrientationLandscapeLeft UIInterfaceOrientationLandscapeRight";
				LD_RUNPATH_SEARCH_PATHS = (
					"$(inherited)",
					"@executable_path/Frameworks",
				);
				MARKETING_VERSION = 1.0;
				PRODUCT_BUNDLE_IDENTIFIER = "com.example.meeting-notes";
				PRODUCT_NAME = "$(TARGET_NAME)";
				SWIFT_EMIT_LOC_STRINGS = YES;
				SWIFT_VERSION = 5.0;
				TARGETED_DEVICE_FAMILY = "1,2";
			};
			name = Debug;
		};
		C7B792182BD67E4F0023DC34 /* Release */ = {
			isa = XCBuildConfiguration;
			buildSettings = {
				ASSETCATALOG_COMPILER_APPICON_NAME = AppIcon;
				ASSETCATALOG_COMPILER_GLOBAL_ACCENT_COLOR_NAME = AccentColor;
				CODE_SIGN_STYLE = Automatic;
				CURRENT_PROJECT_VERSION = 1;
				GENERATE_INFOPLIST_FILE = YES;
				INFOPLIST_FILE = meeting_notes/Info.plist;
				INFOPLIST_KEY_UIApplicationSupportsIndirectInputEvents = YES;
				INFOPLIST_KEY_UILaunchStoryboardName = LaunchScreen;
				INFOPLIST_KEY_UIMainStoryboardFile = Main;
				INFOPLIST_KEY_UISupportedInterfaceOrientations_iPad = "UIInterfaceOrientationPortrait UIInterfaceOrientationPortraitUpsideDown UIInterfaceOrientationLandscapeLeft UIInterfaceOrientationLandscapeRight";
				INFOPLIST_KEY_UISupportedInterfaceOrientations_iPhone = "UIInterfaceOrientationPortrait UIInterfaceOrientationLandscapeLeft UIInterfaceOrientationLandscapeRight";
				LD_RUNPATH_SEARCH_PATHS = (
					"$(inherited)",
					"@executable_path/Frameworks",
				);
				MARKETING_VERSION = 1.0;
				PRODUCT_BUNDLE_IDENTIFIER = "com.example.meeting-notes";
				PRODUCT_NAME = "$(TARGET_NAME)";
				SWIFT_EMIT_LOC_STRINGS = YES;
				SWIFT_VERSION = 5.0;
				TARGETED_DEVICE_FAMILY = "1,2";
			};
			name = Release;
		};
		C7B7921A2BD67E4F0023DC34 /* Debug */ = {
			isa = XCBuildConfiguration;
			buildSettings = {
				ALWAYS_EMBED_SWIFT_STANDARD_LIBRARIES = YES;
				BUNDLE_LOADER = "$(TEST_HOST)";
				CODE_SIGN_STYLE = Automatic;
				CURRENT_PROJECT_VERSION = 1;
				GENERATE_INFOPLIST_FILE = YES;
				IPHONEOS_DEPLOYMENT_TARGET = 17.2;
				MARKETING_VERSION = 1.0;
				PRODUCT_BUNDLE_IDENTIFIER = "com.example.meeting-notesTests";
				PRODUCT_NAME = "$(TARGET_NAME)";
				SWIFT_EMIT_LOC_STRINGS = NO;
				SWIFT_VERSION = 5.0;
				TARGETED_DEVICE_FAMILY = "1,2";
				TEST_HOST = "$(BUILT_PRODUCTS_DIR)/meeting_notes.app/$(BUNDLE_EXECUTABLE_FOLDER_PATH)/meeting_notes";
			};
			name = Debug;
		};
		C7B7921B2BD67E4F0023DC34 /* Release */ = {
			isa = XCBuildConfiguration;
			buildSettings = {
				ALWAYS_EMBED_SWIFT_STANDARD_LIBRARIES = YES;
				BUNDLE_LOADER = "$(TEST_HOST)";
				CODE_SIGN_STYLE = Automatic;
				CURRENT_PROJECT_VERSION = 1;
				GENERATE_INFOPLIST_FILE = YES;
				IPHONEOS_DEPLOYMENT_TARGET = 17.2;
				MARKETING_VERSION = 1.0;
				PRODUCT_BUNDLE_IDENTIFIER = "com.example.meeting-notesTests";
				PRODUCT_NAME = "$(TARGET_NAME)";
				SWIFT_EMIT_LOC_STRINGS = NO;
				SWIFT_VERSION = 5.0;
				TARGETED_DEVICE_FAMILY = "1,2";
				TEST_HOST = "$(BUILT_PRODUCTS_DIR)/meeting_notes.app/$(BUNDLE_EXECUTABLE_FOLDER_PATH)/meeting_notes";
			};
			name = Release;
		};
		C7B7921D2BD67E4F0023DC34 /* Debug */ = {
			isa = XCBuildConfiguration;
			buildSettings = {
				ALWAYS_EMBED_SWIFT_STANDARD_LIBRARIES = YES;
				CODE_SIGN_STYLE = Automatic;
				CURRENT_PROJECT_VERSION = 1;
				GENERATE_INFOPLIST_FILE = YES;
				MARKETING_VERSION = 1.0;
				PRODUCT_BUNDLE_IDENTIFIER = "com.example.meeting-notesUITests";
				PRODUCT_NAME = "$(TARGET_NAME)";
				SWIFT_EMIT_LOC_STRINGS = NO;
				SWIFT_VERSION = 5.0;
				TARGETED_DEVICE_FAMILY = "1,2";
				TEST_TARGET_NAME = meeting_notes;
			};
			name = Debug;
		};
		C7B7921E2BD67E4F0023DC34 /* Release */ = {
			isa = XCBuildConfiguration;
			buildSettings = {
				ALWAYS_EMBED_SWIFT_STANDARD_LIBRARIES = YES;
				CODE_SIGN_STYLE = Automatic;
				CURRENT_PROJECT_VERSION = 1;
				GENERATE_INFOPLIST_FILE = YES;
				MARKETING_VERSION = 1.0;
				PRODUCT_BUNDLE_IDENTIFIER = "com.example.meeting-notesUITests";
				PRODUCT_NAME = "$(TARGET_NAME)";
				SWIFT_EMIT_LOC_STRINGS = NO;
				SWIFT_VERSION = 5.0;
				TARGETED_DEVICE_FAMILY = "1,2";
				TEST_TARGET_NAME = meeting_notes;
			};
			name = Release;
		};
/* End XCBuildConfiguration section */

/* Begin XCConfigurationList section */
		C7B791E72BD67E4E0023DC34 /* Build configuration list for PBXProject "meeting_notes" */ = {
			isa = XCConfigurationList;
			buildConfigurations = (
				C7B792142BD67E4F0023DC34 /* Debug */,
				C7B792152BD67E4F0023DC34 /* Release */,
			);
			defaultConfigurationIsVisible = 0;
			defaultConfigurationName = Release;
		};
		C7B792162BD67E4F0023DC34 /* Build configuration list for PBXNativeTarget "meeting_notes" */ = {
			isa = XCConfigurationList;
			buildConfigurations = (
				C7B792172BD67E4F0023DC34 /* Debug */,
				C7B792182BD67E4F0023DC34 /* Release */,
			);
			defaultConfigurationIsVisible = 0;
			defaultConfigurationName = Release;
		};
		C7B792192BD67E4F0023DC34 /* Build configuration list for PBXNativeTarget "meeting_notesTests" */ = {
			isa = XCConfigurationList;
			buildConfigurations = (
				C7B7921A2BD67E4F0023DC34 /* Debug */,
				C7B7921B2BD67E4F0023DC34 /* Release */,
			);
			defaultConfigurationIsVisible = 0;
			defaultConfigurationName = Release;
		};
		C7B7921C2BD67E4F0023DC34 /* Build configuration list for PBXNativeTarget "meeting_notesUITests" */ = {
			isa = XCConfigurationList;
			buildConfigurations = (
				C7B7921D2BD67E4F0023DC34 /* Debug */,
				C7B7921E2BD67E4F0023DC34 /* Release */,
			);
			defaultConfigurationIsVisible = 0;
			defaultConfigurationName = Release;
		};
/* End XCConfigurationList section */
	};
	rootObject = C7B791E42BD67E4E0023DC34 /* Project object */;
}
